
Microsoft Visual Studio Solution File, Format Version 12.00
# Visual Studio Version 17
VisualStudioVersion = 17.1.32210.238
MinimumVisualStudioVersion = 10.0.40219.1
Project("{9A19103F-16F7-4668-BE54-9A1E7A4F7556}") = "ChatCSR.DesktopClient", "ChatCSR.DesktopClient\ChatCSR.DesktopClient.csproj", "{114DE77E-6C39-49DA-894F-DD39BC09D4D9}"
EndProject
Project("{9A19103F-16F7-4668-BE54-9A1E7A4F7556}") = "ChatCSR.Core", "ChatCSR.Core\ChatCSR.Core.csproj", "{18AC5F1F-8CAE-49EE-9F60-AFE7D04EB467}"
EndProject
Project("{9A19103F-16F7-4668-BE54-9A1E7A4F7556}") = "ChatCSR.ServerLogic", "ChatCSR.ServerLogic\ChatCSR.ServerLogic.csproj", "{77430C32-C2F6-4CF4-BCFB-AA2F2B267147}"
EndProject
Project("{9A19103F-16F7-4668-BE54-9A1E7A4F7556}") = "ChatCSR.WebServer", "ChatCSR.WebServer\ChatCSR.WebServer.csproj", "{DC8E2A28-D31E-4BB6-BFFB-9831890C5131}"
EndProject
Project("{FAE04EC0-301F-11D3-BF4B-00C04F79EFBC}") = "ChatCSR.ServiceServer", "ServiceServer\ChatCSR.ServiceServer.csproj", "{277227DF-E3C7-4733-9E56-E5BB5539427C}"
EndProject
Global
	GlobalSection(SolutionConfigurationPlatforms) = preSolution
		Debug|Any CPU = Debug|Any CPU
		Release|Any CPU = Release|Any CPU
	EndGlobalSection
	GlobalSection(ProjectConfigurationPlatforms) = postSolution
		{114DE77E-6C39-49DA-894F-DD39BC09D4D9}.Debug|Any CPU.ActiveCfg = Debug|Any CPU
		{114DE77E-6C39-49DA-894F-DD39BC09D4D9}.Debug|Any CPU.Build.0 = Debug|Any CPU
		{114DE77E-6C39-49DA-894F-DD39BC09D4D9}.Release|Any CPU.ActiveCfg = Release|Any CPU
		{114DE77E-6C39-49DA-894F-DD39BC09D4D9}.Release|Any CPU.Build.0 = Release|Any CPU
		{18AC5F1F-8CAE-49EE-9F60-AFE7D04EB467}.Debug|Any CPU.ActiveCfg = Debug|Any CPU
		{18AC5F1F-8CAE-49EE-9F60-AFE7D04EB467}.Debug|Any CPU.Build.0 = Debug|Any CPU
		{18AC5F1F-8CAE-49EE-9F60-AFE7D04EB467}.Release|Any CPU.ActiveCfg = Release|Any CPU
		{18AC5F1F-8CAE-49EE-9F60-AFE7D04EB467}.Release|Any CPU.Build.0 = Release|Any CPU
		{77430C32-C2F6-4CF4-BCFB-AA2F2B267147}.Debug|Any CPU.ActiveCfg = Debug|Any CPU
		{77430C32-C2F6-4CF4-BCFB-AA2F2B267147}.Debug|Any CPU.Build.0 = Debug|Any CPU
		{77430C32-C2F6-4CF4-BCFB-AA2F2B267147}.Release|Any CPU.ActiveCfg = Release|Any CPU
		{77430C32-C2F6-4CF4-BCFB-AA2F2B267147}.Release|Any CPU.Build.0 = Release|Any CPU
		{DC8E2A28-D31E-4BB6-BFFB-9831890C5131}.Debug|Any CPU.ActiveCfg = Debug|Any CPU
		{DC8E2A28-D31E-4BB6-BFFB-9831890C5131}.Debug|Any CPU.Build.0 = Debug|Any CPU
		{DC8E2A28-D31E-4BB6-BFFB-9831890C5131}.Release|Any CPU.ActiveCfg = Release|Any CPU
		{DC8E2A28-D31E-4BB6-BFFB-9831890C5131}.Release|Any CPU.Build.0 = Release|Any CPU
		{277227DF-E3C7-4733-9E56-E5BB5539427C}.Debug|Any CPU.ActiveCfg = Debug|Any CPU
		{277227DF-E3C7-4733-9E56-E5BB5539427C}.Debug|Any CPU.Build.0 = Debug|Any CPU
		{277227DF-E3C7-4733-9E56-E5BB5539427C}.Release|Any CPU.ActiveCfg = Release|Any CPU
		{277227DF-E3C7-4733-9E56-E5BB5539427C}.Release|Any CPU.Build.0 = Release|Any CPU
	EndGlobalSection
	GlobalSection(SolutionProperties) = preSolution
		HideSolutionNode = FALSE
	EndGlobalSection
	GlobalSection(ExtensibilityGlobals) = postSolution
		SolutionGuid = {C7407DA5-9BD1-47A0-A438-20AFC0C8C59B}
	EndGlobalSection
EndGlobal
